
Microsoft Visual Studio Solution File, Format Version 12.00
# Visual Studio Version 17
VisualStudioVersion = 17.12.35527.113
MinimumVisualStudioVersion = 10.0.40219.1
Project("{FAE04EC0-301F-11D3-BF4B-00C04F79EFBC}") = "Wayfarer", "Wayfarer.csproj", "{6CDB0C2B-E53A-47C8-9C68-6B971AB70F3A}"
EndProject
Project("{2150E333-8FDC-42A3-9474-1A3956D46DE8}") = "tests", "tests", "{0AB3BF05-4346-4AA6-1389-037BE0695223}"
EndProject
Project("{FAE04EC0-301F-11D3-BF4B-00C04F79EFBC}") = "Wayfarer.Tests", "tests\Wayfarer.Tests\Wayfarer.Tests.csproj", "{718DA121-81E5-46BD-B8E2-8B29E35E02B2}"
EndProject
Global
	GlobalSection(SolutionConfigurationPlatforms) = preSolution
		Debug|Any CPU = Debug|Any CPU
		Debug|x64 = Debug|x64
		Debug|x86 = Debug|x86
		Release|Any CPU = Release|Any CPU
		Release|x64 = Release|x64
		Release|x86 = Release|x86
	EndGlobalSection
	GlobalSection(ProjectConfigurationPlatforms) = postSolution
		{6CDB0C2B-E53A-47C8-9C68-6B971AB70F3A}.Debug|Any CPU.ActiveCfg = Debug|Any CPU
		{6CDB0C2B-E53A-47C8-9C68-6B971AB70F3A}.Debug|Any CPU.Build.0 = Debug|Any CPU
		{6CDB0C2B-E53A-47C8-9C68-6B971AB70F3A}.Debug|x64.ActiveCfg = Debug|Any CPU
		{6CDB0C2B-E53A-47C8-9C68-6B971AB70F3A}.Debug|x64.Build.0 = Debug|Any CPU
		{6CDB0C2B-E53A-47C8-9C68-6B971AB70F3A}.Debug|x86.ActiveCfg = Debug|Any CPU
		{6CDB0C2B-E53A-47C8-9C68-6B971AB70F3A}.Debug|x86.Build.0 = Debug|Any CPU
		{6CDB0C2B-E53A-47C8-9C68-6B971AB70F3A}.Release|Any CPU.ActiveCfg = Release|Any CPU
		{6CDB0C2B-E53A-47C8-9C68-6B971AB70F3A}.Release|Any CPU.Build.0 = Release|Any CPU
		{6CDB0C2B-E53A-47C8-9C68-6B971AB70F3A}.Release|x64.ActiveCfg = Release|Any CPU
		{6CDB0C2B-E53A-47C8-9C68-6B971AB70F3A}.Release|x64.Build.0 = Release|Any CPU
		{6CDB0C2B-E53A-47C8-9C68-6B971AB70F3A}.Release|x86.ActiveCfg = Release|Any CPU
		{6CDB0C2B-E53A-47C8-9C68-6B971AB70F3A}.Release|x86.Build.0 = Release|Any CPU
		{718DA121-81E5-46BD-B8E2-8B29E35E02B2}.Debug|Any CPU.ActiveCfg = Debug|Any CPU
		{718DA121-81E5-46BD-B8E2-8B29E35E02B2}.Debug|Any CPU.Build.0 = Debug|Any CPU
		{718DA121-81E5-46BD-B8E2-8B29E35E02B2}.Debug|x64.ActiveCfg = Debug|Any CPU
		{718DA121-81E5-46BD-B8E2-8B29E35E02B2}.Debug|x64.Build.0 = Debug|Any CPU
		{718DA121-81E5-46BD-B8E2-8B29E35E02B2}.Debug|x86.ActiveCfg = Debug|Any CPU
		{718DA121-81E5-46BD-B8E2-8B29E35E02B2}.Debug|x86.Build.0 = Debug|Any CPU
		{718DA121-81E5-46BD-B8E2-8B29E35E02B2}.Release|Any CPU.ActiveCfg = Release|Any CPU
		{718DA121-81E5-46BD-B8E2-8B29E35E02B2}.Release|Any CPU.Build.0 = Release|Any CPU
		{718DA121-81E5-46BD-B8E2-8B29E35E02B2}.Release|x64.ActiveCfg = Release|Any CPU
		{718DA121-81E5-46BD-B8E2-8B29E35E02B2}.Release|x64.Build.0 = Release|Any CPU
		{718DA121-81E5-46BD-B8E2-8B29E35E02B2}.Release|x86.ActiveCfg = Release|Any CPU
		{718DA121-81E5-46BD-B8E2-8B29E35E02B2}.Release|x86.Build.0 = Release|Any CPU
	EndGlobalSection
	GlobalSection(SolutionProperties) = preSolution
		HideSolutionNode = FALSE
	EndGlobalSection
	GlobalSection(NestedProjects) = preSolution
		{718DA121-81E5-46BD-B8E2-8B29E35E02B2} = {0AB3BF05-4346-4AA6-1389-037BE0695223}
	EndGlobalSection
EndGlobal
